{
  "name": "@har/schemas",
  "version": "1.8.0",
  "lockfileVersion": 3,
  "requires": true,
  "packages": {
    "": {
      "name": "@har/schemas",
      "version": "1.8.0",
      "license": "Apache-2.0",
      "dependencies": {
        "@pydantic/genai-prices": "^0.1.5",
        "zod": "^3.23.8"
      }
    },
    "node_modules/@pydantic/genai-prices": {
      "version": "0.1.5",
      "resolved": "https://registry.npmjs.org/@pydantic/genai-prices/-/genai-prices-0.1.5.tgz",
      "integrity": "sha512-Cmuh7IJRMgDRkTr9HUElam/EgyViPnvDbcs7BALPV7WS0BeZdanP1D2sKOhKL/oqp6MDV4lfFUnACjWaqpxwzw==",
      "license": "MIT",
      "bin": {
        "genai-prices": "dist/cli.js"
      },
      "engines": {
        "node": ">=20"
      }
    },
    "node_modules/zod": {
      "version": "3.25.76",
      "resolved": "https://registry.npmjs.org/zod/-/zod-3.25.76.tgz",
      "integrity": "sha512-gzUt/qt81nXsFGKIFcC3YnfEAx5NkunCfnDlvuBSSFS02bcXu4Lmea0AFIUwbLWxWPx3d9p8S5QoaujKcNQxcQ==",
      "license": "MIT",
      "funding": {
        "url": "https://github.com/sponsors/colinhacks"
      }
    }
  }
}
